
Microsoft Visual Studio Solution File, Format Version 12.00
# Visual Studio Version 16
VisualStudioVersion = 16.0.30114.105
MinimumVisualStudioVersion = 10.0.40219.1
Project("{2150E333-8FDC-42A3-9474-1A3956D46DE8}") = "src", "src", "{8566A447-C528-490E-8D1F-44025A5948BC}"
EndProject
Project("{F2A71F9B-5D33-465A-A702-920D77279786}") = "FRC.NetworkConfig.Core", "src\FRC.NetworkConfig.Core\FRC.NetworkConfig.Core.fsproj", "{21D9F377-EB1D-4F1F-AD8E-139B4C275D30}"
EndProject
Global
	GlobalSection(SolutionConfigurationPlatforms) = preSolution
		Debug|Any CPU = Debug|Any CPU
		Release|Any CPU = Release|Any CPU
	EndGlobalSection
	GlobalSection(SolutionProperties) = preSolution
		HideSolutionNode = FALSE
	EndGlobalSection
	GlobalSection(ProjectConfigurationPlatforms) = postSolution
		{21D9F377-EB1D-4F1F-AD8E-139B4C275D30}.Debug|Any CPU.ActiveCfg = Debug|Any CPU
		{21D9F377-EB1D-4F1F-AD8E-139B4C275D30}.Debug|Any CPU.Build.0 = Debug|Any CPU
		{21D9F377-EB1D-4F1F-AD8E-139B4C275D30}.Release|Any CPU.ActiveCfg = Release|Any CPU
		{21D9F377-EB1D-4F1F-AD8E-139B4C275D30}.Release|Any CPU.Build.0 = Release|Any CPU
	EndGlobalSection
	GlobalSection(NestedProjects) = preSolution
		{21D9F377-EB1D-4F1F-AD8E-139B4C275D30} = {8566A447-C528-490E-8D1F-44025A5948BC}
	EndGlobalSection
EndGlobal
